// !$*UTF8*$!
{
	archiveVersion = 1;
	classes = {
	};
	objectVersion = 50;
	objects = {

/* Begin PBXBuildFile section */
		BAF4D40523B3F16000BC14BB /* AppDelegate.swift in Sources */ = {isa = PBXBuildFile; fileRef = BAF4D40423B3F16000BC14BB /* AppDelegate.swift */; };
		BAF4D40723B3F16000BC14BB /* SceneDelegate.swift in Sources */ = {isa = PBXBuildFile; fileRef = BAF4D40623B3F16000BC14BB /* SceneDelegate.swift */; };
		BAF4D40923B3F16000BC14BB /* ViewController.swift in Sources */ = {isa = PBXBuildFile; fileRef = BAF4D40823B3F16000BC14BB /* ViewController.swift */; };
		BAF4D40C23B3F16000BC14BB /* Main.storyboard in Resources */ = {isa = PBXBuildFile; fileRef = BAF4D40A23B3F16000BC14BB /* Main.storyboard */; };
		BAF4D40E23B3F16100BC14BB /* Assets.xcassets in Resources */ = {isa = PBXBuildFile; fileRef = BAF4D40D23B3F16100BC14BB /* Assets.xcassets */; };
		BAF4D41123B3F16100BC14BB /* LaunchScreen.storyboard in Resources */ = {isa = PBXBuildFile; fileRef = BAF4D40F23B3F16100BC14BB /* LaunchScreen.storyboard */; };
		BAF4D41C23B3F16100BC14BB /* TippyTests.swift in Sources */ = {isa = PBXBuildFile; fileRef = BAF4D41B23B3F16100BC14BB /* TippyTests.swift */; };
		BAF4D42723B3F16100BC14BB /* TippyUITests.swift in Sources */ = {isa = PBXBuildFile; fileRef = BAF4D42623B3F16100BC14BB /* TippyUITests.swift */; };
		BAF4E49123B727BD009D2671 /* SettingsViewController.swift in Sources */ = {isa = PBXBuildFile; fileRef = BAF4E49023B727BD009D2671 /* SettingsViewController.swift */; };
/* End PBXBuildFile section */

/* Begin PBXContainerItemProxy section */
		BAF4D41823B3F16100BC14BB /* PBXContainerItemProxy */ = {
			isa = PBXContainerItemProxy;
			containerPortal = BAF4D3F923B3F16000BC14BB /* Project object */;
			proxyType = 1;
			remoteGlobalIDString = BAF4D40023B3F16000BC14BB;
			remoteInfo = Tippy;
		};
		BAF4D42323B3F16100BC14BB /* PBXContainerItemProxy */ = {
			isa = PBXContainerItemProxy;
			containerPortal = BAF4D3F923B3F16000BC14BB /* Project object */;
			proxyType = 1;
			remoteGlobalIDString = BAF4D40023B3F16000BC14BB;
			remoteInfo = Tippy;
		};
/* End PBXContainerItemProxy section */

/* Begin PBXFileReference section */
		BAF4D40123B3F16000BC14BB /* Tippy.app */ = {isa = PBXFileReference; explicitFileType = wrapper.application; includeInIndex = 0; path = Tippy.app; sourceTree = BUILT_PRODUCTS_DIR; };
		BAF4D40423B3F16000BC14BB /* AppDelegate.swift */ = {isa = PBXFileReference; lastKnownFileType = sourcecode.swift; path = AppDelegate.swift; sourceTree = "<group>"; };
		BAF4D40623B3F16000BC14BB /* SceneDelegate.swift */ = {isa = PBXFileReference; lastKnownFileType = sourcecode.swift; path = SceneDelegate.swift; sourceTree = "<group>"; };
		BAF4D40823B3F16000BC14BB /* ViewController.swift */ = {isa = PBXFileReference; lastKnownFileType = sourcecode.swift; path = ViewController.swift; sourceTree = "<group>"; };
		BAF4D40B23B3F16000BC14BB /* Base */ = {isa = PBXFileReference; lastKnownFileType = file.storyboard; name = Base; path = Base.lproj/Main.storyboard; sourceTree = "<group>"; };
		BAF4D40D23B3F16100BC14BB /* Assets.xcassets */ = {isa = PBXFileReference; lastKnownFileType = folder.assetcatalog; path = Assets.xcassets; sourceTree = "<group>"; };
		BAF4D41023B3F16100BC14BB /* Base */ = {isa = PBXFileReference; lastKnownFileType = file.storyboard; name = Base; path = Base.lproj/LaunchScreen.storyboard; sourceTree = "<group>"; };
		BAF4D41223B3F16100BC14BB /* Info.plist */ = {isa = PBXFileReference; lastKnownFileType = text.plist.xml; path = Info.plist; sourceTree = "<group>"; };
		BAF4D41723B3F16100BC14BB /* TippyTests.xctest */ = {isa = PBXFileReference; explicitFileType = wrapper.cfbundle; includeInIndex = 0; path = TippyTests.xctest; sourceTree = BUILT_PRODUCTS_DIR; };
		BAF4D41B23B3F16100BC14BB /* TippyTests.swift */ = {isa = PBXFileReference; lastKnownFileType = sourcecode.swift; path = TippyTests.swift; sourceTree = "<group>"; };
		BAF4D41D23B3F16100BC14BB /* Info.plist */ = {isa = PBXFileReference; lastKnownFileType = text.plist.xml; path = Info.plist; sourceTree = "<group>"; };
		BAF4D42223B3F16100BC14BB /* TippyUITests.xctest */ = {isa = PBXFileReference; explicitFileType = wrapper.cfbundle; includeInIndex = 0; path = TippyUITests.xctest; sourceTree = BUILT_PRODUCTS_DIR; };
		BAF4D42623B3F16100BC14BB /* TippyUITests.swift */ = {isa = PBXFileReference; lastKnownFileType = sourcecode.swift; path = TippyUITests.swift; sourceTree = "<group>"; };
		BAF4D42823B3F16100BC14BB /* Info.plist */ = {isa = PBXFileReference; lastKnownFileType = text.plist.xml; path = Info.plist; sourceTree = "<group>"; };
		BAF4E49023B727BD009D2671 /* SettingsViewController.swift */ = {isa = PBXFileReference; lastKnownFileType = sourcecode.swift; path = SettingsViewController.swift; sourceTree = "<group>"; };
/* End PBXFileReference section */

/* Begin PBXFrameworksBuildPhase section */
		BAF4D3FE23B3F16000BC14BB /* Frameworks */ = {
			isa = PBXFrameworksBuildPhase;
			buildActionMask = 2147483647;
			files = (
			);
			runOnlyForDeploymentPostprocessing = 0;
		};
		BAF4D41423B3F16100BC14BB /* Frameworks */ = {
			isa = PBXFrameworksBuildPhase;
			buildActionMask = 2147483647;
			files = (
			);
			runOnlyForDeploymentPostprocessing = 0;
		};
		BAF4D41F23B3F16100BC14BB /* Frameworks */ = {
			isa = PBXFrameworksBuildPhase;
			buildActionMask = 2147483647;
			files = (
			);
			runOnlyForDeploymentPostprocessing = 0;
		};
/* End PBXFrameworksBuildPhase section */

/* Begin PBXGroup section */
		BAF4D3F823B3F16000BC14BB = {
			isa = PBXGroup;
			children = (
				BAF4D40323B3F16000BC14BB /* Tippy */,
				BAF4D41A23B3F16100BC14BB /* TippyTests */,
				BAF4D42523B3F16100BC14BB /* TippyUITests */,
				BAF4D40223B3F16000BC14BB /* Products */,
			);
			sourceTree = "<group>";
		};
		BAF4D40223B3F16000BC14BB /* Products */ = {
			isa = PBXGroup;
			children = (
				BAF4D40123B3F16000BC14BB /* Tippy.app */,
				BAF4D41723B3F16100BC14BB /* TippyTests.xctest */,
				BAF4D42223B3F16100BC14BB /* TippyUITests.xctest */,
			);
			name = Products;
			sourceTree = "<group>";
		};
		BAF4D40323B3F16000BC14BB /* Tippy */ = {
			isa = PBXGroup;
			children = (
				BAF4D40423B3F16000BC14BB /* AppDelegate.swift */,
				BAF4D40623B3F16000BC14BB /* SceneDelegate.swift */,
				BAF4D40823B3F16000BC14BB /* ViewController.swift */,
				BAF4D40A23B3F16000BC14BB /* Main.storyboard */,
				BAF4E49023B727BD009D2671 /* SettingsViewController.swift */,
				BAF4D40D23B3F16100BC14BB /* Assets.xcassets */,
				BAF4D40F23B3F16100BC14BB /* LaunchScreen.storyboard */,
				BAF4D41223B3F16100BC14BB /* Info.plist */,
			);
			path = Tippy;
			sourceTree = "<group>";
		};
		BAF4D41A23B3F16100BC14BB /* TippyTests */ = {
			isa = PBXGroup;
			children = (
				BAF4D41B23B3F16100BC14BB /* TippyTests.swift */,
				BAF4D41D23B3F16100BC14BB /* Info.plist */,
			);
			path = TippyTests;
			sourceTree = "<group>";
		};
		BAF4D42523B3F16100BC14BB /* TippyUITests */ = {
			isa = PBXGroup;
			children = (
				BAF4D42623B3F16100BC14BB /* TippyUITests.swift */,
				BAF4D42823B3F16100BC14BB /* Info.plist */,
			);
			path = TippyUITests;
			sourceTree = "<group>";
		};
/* End PBXGroup section */

/* Begin PBXNativeTarget section */
		BAF4D40023B3F16000BC14BB /* Tippy */ = {
			isa = PBXNativeTarget;
			buildConfigurationList = BAF4D42B23B3F16100BC14BB /* Build configuration list for PBXNativeTarget "Tippy" */;
			buildPhases = (
				BAF4D3FD23B3F16000BC14BB /* Sources */,
				BAF4D3FE23B3F16000BC14BB /* Frameworks */,
				BAF4D3FF23B3F16000BC14BB /* Resources */,
			);
			buildRules = (
			);
			dependencies = (
			);
			name = Tippy;
			productName = Tippy;
			productReference = BAF4D40123B3F16000BC14BB /* Tippy.app */;
			productType = "com.apple.product-type.application";
		};
		BAF4D41623B3F16100BC14BB /* TippyTests */ = {
			isa = PBXNativeTarget;
			buildConfigurationList = BAF4D42E23B3F16100BC14BB /* Build configuration list for PBXNativeTarget "TippyTests" */;
			buildPhases = (
				BAF4D41323B3F16100BC14BB /* Sources */,
				BAF4D41423B3F16100BC14BB /* Frameworks */,
				BAF4D41523B3F16100BC14BB /* Resources */,
			);
			buildRules = (
			);
			dependencies = (
				BAF4D41923B3F16100BC14BB /* PBXTargetDependency */,
			);
			name = TippyTests;
			productName = TippyTests;
			productReference = BAF4D41723B3F16100BC14BB /* TippyTests.xctest */;
			productType = "com.apple.product-type.bundle.unit-test";
		};
		BAF4D42123B3F16100BC14BB /* TippyUITests */ = {
			isa = PBXNativeTarget;
			buildConfigurationList = BAF4D43123B3F16100BC14BB /* Build configuration list for PBXNativeTarget "TippyUITests" */;
			buildPhases = (
				BAF4D41E23B3F16100BC14BB /* Sources */,
				BAF4D41F23B3F16100BC14BB /* Frameworks */,
				BAF4D42023B3F16100BC14BB /* Resources */,
			);
			buildRules = (
			);
			dependencies = (
				BAF4D42423B3F16100BC14BB /* PBXTargetDependency */,
			);
			name = TippyUITests;
			productName = TippyUITests;
			productReference = BAF4D42223B3F16100BC14BB /* TippyUITests.xctest */;
			productType = "com.apple.product-type.bundle.ui-testing";
		};
/* End PBXNativeTarget section */

/* Begin PBXProject section */
		BAF4D3F923B3F16000BC14BB /* Project object */ = {
			isa = PBXProject;
			attributes = {
				LastSwiftUpdateCheck = 1130;
				LastUpgradeCheck = 1130;
				ORGANIZATIONNAME = Allan;
				TargetAttributes = {
					BAF4D40023B3F16000BC14BB = {
						CreatedOnToolsVersion = 11.3;
					};
					BAF4D41623B3F16100BC14BB = {
						CreatedOnToolsVersion = 11.3;
						TestTargetID = BAF4D40023B3F16000BC14BB;
					};
					BAF4D42123B3F16100BC14BB = {
						CreatedOnToolsVersion = 11.3;
						TestTargetID = BAF4D40023B3F16000BC14BB;
					};
				};
			};
			buildConfigurationList = BAF4D3FC23B3F16000BC14BB /* Build configuration list for PBXProject "Tippy" */;
			compatibilityVersion = "Xcode 9.3";
			developmentRegion = en;
			hasScannedForEncodings = 0;
			knownRegions = (
				en,
				Base,
			);
			mainGroup = BAF4D3F823B3F16000BC14BB;
			productRefGroup = BAF4D40223B3F16000BC14BB /* Products */;
			projectDirPath = "";
			projectRoot = "";
			targets = (
				BAF4D40023B3F16000BC14BB /* Tippy */,
				BAF4D41623B3F16100BC14BB /* TippyTests */,
				BAF4D42123B3F16100BC14BB /* TippyUITests */,
			);
		};
/* End PBXProject section */

/* Begin PBXResourcesBuildPhase section */
		BAF4D3FF23B3F16000BC14BB /* Resources */ = {
			isa = PBXResourcesBuildPhase;
			buildActionMask = 2147483647;
			files = (
				BAF4D41123B3F16100BC14BB /* LaunchScreen.storyboard in Resources */,
				BAF4D40E23B3F16100BC14BB /* Assets.xcassets in Resources */,
				BAF4D40C23B3F16000BC14BB /* Main.storyboard in Resources */,
			);
			runOnlyForDeploymentPostprocessing = 0;
		};
		BAF4D41523B3F16100BC14BB /* Resources */ = {
			isa = PBXResourcesBuildPhase;
			buildActionMask = 2147483647;
			files = (
			);
			runOnlyForDeploymentPostprocessing = 0;
		};
		BAF4D42023B3F16100BC14BB /* Resources */ = {
			isa = PBXResourcesBuildPhase;
			buildActionMask = 2147483647;
			files = (
			);
			runOnlyForDeploymentPostprocessing = 0;
		};
/* End PBXResourcesBuildPhase section */

/* Begin PBXSourcesBuildPhase section */
		BAF4D3FD23B3F16000BC14BB /* Sources */ = {
			isa = PBXSourcesBuildPhase;
			buildActionMask = 2147483647;
			files = (
				BAF4D40923B3F16000BC14BB /* ViewController.swift in Sources */,
				BAF4D40523B3F16000BC14BB /* AppDelegate.swift in Sources */,
				BAF4D40723B3F16000BC14BB /* SceneDelegate.swift in Sources */,
				BAF4E49123B727BD009D2671 /* SettingsViewController.swift in Sources */,
			);
			runOnlyForDeploymentPostprocessing = 0;
		};
		BAF4D41323B3F16100BC14BB /* Sources */ = {
			isa = PBXSourcesBuildPhase;
			buildActionMask = 2147483647;
			files = (
				BAF4D41C23B3F16100BC14BB /* TippyTests.swift in Sources */,
			);
			runOnlyForDeploymentPostprocessing = 0;
		};
		BAF4D41E23B3F16100BC14BB /* Sources */ = {
			isa = PBXSourcesBuildPhase;
			buildActionMask = 2147483647;
			files = (
				BAF4D42723B3F16100BC14BB /* TippyUITests.swift in Sources */,
			);
			runOnlyForDeploymentPostprocessing = 0;
		};
/* End PBXSourcesBuildPhase section */

/* Begin PBXTargetDependency section */
		BAF4D41923B3F16100BC14BB /* PBXTargetDependency */ = {
			isa = PBXTargetDependency;
			target = BAF4D40023B3F16000BC14BB /* Tippy */;
			targetProxy = BAF4D41823B3F16100BC14BB /* PBXContainerItemProxy */;
		};
		BAF4D42423B3F16100BC14BB /* PBXTargetDependency */ = {
			isa = PBXTargetDependency;
			target = BAF4D40023B3F16000BC14BB /* Tippy */;
			targetProxy = BAF4D42323B3F16100BC14BB /* PBXContainerItemProxy */;
		};
/* End PBXTargetDependency section */

/* Begin PBXVariantGroup section */
		BAF4D40A23B3F16000BC14BB /* Main.storyboard */ = {
			isa = PBXVariantGroup;
			children = (
				BAF4D40B23B3F16000BC14BB /* Base */,
			);
			name = Main.storyboard;
			sourceTree = "<group>";
		};
		BAF4D40F23B3F16100BC14BB /* LaunchScreen.storyboard */ = {
			isa = PBXVariantGroup;
			children = (
				BAF4D41023B3F16100BC14BB /* Base */,
			);
			name = LaunchScreen.storyboard;
			sourceTree = "<group>";
		};
/* End PBXVariantGroup section */

/* Begin XCBuildConfiguration section */
		BAF4D42923B3F16100BC14BB /* Debug */ = {
			isa = XCBuildConfiguration;
			buildSettings = {
				ALWAYS_SEARCH_USER_PATHS = NO;
				CLANG_ANALYZER_NONNULL = YES;
				CLANG_ANALYZER_NUMBER_OBJECT_CONVERSION = YES_AGGRESSIVE;
				CLANG_CXX_LANGUAGE_STANDARD = "gnu++14";
				CLANG_CXX_LIBRARY = "libc++";
				CLANG_ENABLE_MODULES = YES;
				CLANG_ENABLE_OBJC_ARC = YES;
				CLANG_ENABLE_OBJC_WEAK = YES;
				CLANG_WARN_BLOCK_CAPTURE_AUTORELEASING = YES;
				CLANG_WARN_BOOL_CONVERSION = YES;
				CLANG_WARN_COMMA = YES;
				CLANG_WARN_CONSTANT_CONVERSION = YES;
				CLANG_WARN_DEPRECATED_OBJC_IMPLEMENTATIONS = YES;
				CLANG_WARN_DIRECT_OBJC_ISA_USAGE = YES_ERROR;
				CLANG_WARN_DOCUMENTATION_COMMENTS = YES;
				CLANG_WARN_EMPTY_BODY = YES;
				CLANG_WARN_ENUM_CONVERSION = YES;
				CLANG_WARN_INFINITE_RECURSION = YES;
				CLANG_WARN_INT_CONVERSION = YES;
				CLANG_WARN_NON_LITERAL_NULL_CONVERSION = YES;
				CLANG_WARN_OBJC_IMPLICIT_RETAIN_SELF = YES;
				CLANG_WARN_OBJC_LITERAL_CONVERSION = YES;
				CLANG_WARN_OBJC_ROOT_CLASS = YES_ERROR;
				CLANG_WARN_RANGE_LOOP_ANALYSIS = YES;
				CLANG_WARN_STRICT_PROTOTYPES = YES;
				CLANG_WARN_SUSPICIOUS_MOVE = YES;
				CLANG_WARN_UNGUARDED_AVAILABILITY = YES_AGGRESSIVE;
				CLANG_WARN_UNREACHABLE_CODE = YES;
				CLANG_WARN__DUPLICATE_METHOD_MATCH = YES;
				COPY_PHASE_STRIP = NO;
				DEBUG_INFORMATION_FORMAT = dwarf;
				ENABLE_STRICT_OBJC_MSGSEND = YES;
				ENABLE_TESTABILITY = YES;
				GCC_C_LANGUAGE_STANDARD = gnu11;
				GCC_DYNAMIC_NO_PIC = NO;
				GCC_NO_COMMON_BLOCKS = YES;
				GCC_OPTIMIZATION_LEVEL = 0;
				GCC_PREPROCESSOR_DEFINITIONS = (
					"DEBUG=1",
					"$(inherited)",
				);
				GCC_WARN_64_TO_32_BIT_CONVERSION = YES;
				GCC_WARN_ABOUT_RETURN_TYPE = YES_ERROR;
				GCC_WARN_UNDECLARED_SELECTOR = YES;
				GCC_WARN_UNINITIALIZED_AUTOS = YES_AGGRESSIVE;
				GCC_WARN_UNUSED_FUNCTION = YES;
				GCC_WARN_UNUSED_VARIABLE = YES;
				IPHONEOS_DEPLOYMENT_TARGET = 13.2;
				MTL_ENABLE_DEBUG_INFO = INCLUDE_SOURCE;
				MTL_FAST_MATH = YES;
				ONLY_ACTIVE_ARCH = YES;
				SDKROOT = iphoneos;
				SWIFT_ACTIVE_COMPILATION_CONDITIONS = DEBUG;
				SWIFT_OPTIMIZATION_LEVEL = "-Onone";
			};
			name = Debug;
		};
		BAF4D42A23B3F16100BC14BB /* Release */ = {
			isa = XCBuildConfiguration;
			buildSettings = {
				ALWAYS_SEARCH_USER_PATHS = NO;
				CLANG_ANALYZER_NONNULL = YES;
				CLANG_ANALYZER_NUMBER_OBJECT_CONVERSION = YES_AGGRESSIVE;
				CLANG_CXX_LANGUAGE_STANDARD = "gnu++14";
				CLANG_CXX_LIBRARY = "libc++";
				CLANG_ENABLE_MODULES = YES;
				CLANG_ENABLE_OBJC_ARC = YES;
				CLANG_ENABLE_OBJC_WEAK = YES;
				CLANG_WARN_BLOCK_CAPTURE_AUTORELEASING = YES;
				CLANG_WARN_BOOL_CONVERSION = YES;
				CLANG_WARN_COMMA = YES;
				CLANG_WARN_CONSTANT_CONVERSION = YES;
				CLANG_WARN_DEPRECATED_OBJC_IMPLEMENTATIONS = YES;
				CLANG_WARN_DIRECT_OBJC_ISA_USAGE = YES_ERROR;
				CLANG_WARN_DOCUMENTATION_COMMENTS = YES;
				CLANG_WARN_EMPTY_BODY = YES;
				CLANG_WARN_ENUM_CONVERSION = YES;
				CLANG_WARN_INFINITE_RECURSION = YES;
				CLANG_WARN_INT_CONVERSION = YES;
				CLANG_WARN_NON_LITERAL_NULL_CONVERSION = YES;
				CLANG_WARN_OBJC_IMPLICIT_RETAIN_SELF = YES;
				CLANG_WARN_OBJC_LITERAL_CONVERSION = YES;
				CLANG_WARN_OBJC_ROOT_CLASS = YES_ERROR;
				CLANG_WARN_RANGE_LOOP_ANALYSIS = YES;
				CLANG_WARN_STRICT_PROTOTYPES = YES;
				CLANG_WARN_SUSPICIOUS_MOVE = YES;
				CLANG_WARN_UNGUARDED_AVAILABILITY = YES_AGGRESSIVE;
				CLANG_WARN_UNREACHABLE_CODE = YES;
				CLANG_WARN__DUPLICATE_METHOD_MATCH = YES;
				COPY_PHASE_STRIP = NO;
				DEBUG_INFORMATION_FORMAT = "dwarf-with-dsym";
				ENABLE_NS_ASSERTIONS = NO;
				ENABLE_STRICT_OBJC_MSGSEND = YES;
				GCC_C_LANGUAGE_STANDARD = gnu11;
				GCC_NO_COMMON_BLOCKS = YES;
				GCC_WARN_64_TO_32_BIT_CONVERSION = YES;
				GCC_WARN_ABOUT_RETURN_TYPE = YES_ERROR;
				GCC_WARN_UNDECLARED_SELECTOR = YES;
				GCC_WARN_UNINITIALIZED_AUTOS = YES_AGGRESSIVE;
				GCC_WARN_UNUSED_FUNCTION = YES;
				GCC_WARN_UNUSED_VARIABLE = YES;
				IPHONEOS_DEPLOYMENT_TARGET = 13.2;
				MTL_ENABLE_DEBUG_INFO = NO;
				MTL_FAST_MATH = YES;
				SDKROOT = iphoneos;
				SWIFT_COMPILATION_MODE = wholemodule;
				SWIFT_OPTIMIZATION_LEVEL = "-O";
				VALIDATE_PRODUCT = YES;
			};
			name = Release;
		};
		BAF4D42C23B3F16100BC14BB /* Debug */ = {
			isa = XCBuildConfiguration;
			buildSettings = {
				ASSETCATALOG_COMPILER_APPICON_NAME = AppIcon;
				CODE_SIGN_STYLE = Automatic;
				INFOPLIST_FILE = Tippy/Info.plist;
				LD_RUNPATH_SEARCH_PATHS = (
					"$(inherited)",
					"@executable_path/Frameworks",
				);
				PRODUCT_BUNDLE_IDENTIFIER = Allan.Tippy;
				PRODUCT_NAME = "$(TARGET_NAME)";
				SWIFT_VERSION = 5.0;
				TARGETED_DEVICE_FAMILY = "1,2";
			};
			name = Debug;
		};
		BAF4D42D23B3F16100BC14BB /* Release */ = {
			isa = XCBuildConfiguration;
			buildSettings = {
				ASSETCATALOG_COMPILER_APPICON_NAME = AppIcon;
				CODE_SIGN_STYLE = Automatic;
				INFOPLIST_FILE = Tippy/Info.plist;
				LD_RUNPATH_SEARCH_PATHS = (
					"$(inherited)",
					"@executable_path/Frameworks",
				);
				PRODUCT_BUNDLE_IDENTIFIER = Allan.Tippy;
				PRODUCT_NAME = "$(TARGET_NAME)";
				SWIFT_VERSION = 5.0;
				TARGETED_DEVICE_FAMILY = "1,2";
			};
			name = Release;
		};
		BAF4D42F23B3F16100BC14BB /* Debug */ = {
			isa = XCBuildConfiguration;
			buildSettings = {
				ALWAYS_EMBED_SWIFT_STANDARD_LIBRARIES = YES;
				BUNDLE_LOADER = "$(TEST_HOST)";
				CODE_SIGN_STYLE = Automatic;
				INFOPLIST_FILE = TippyTests/Info.plist;
				IPHONEOS_DEPLOYMENT_TARGET = 13.2;
				LD_RUNPATH_SEARCH_PATHS = (
					"$(inherited)",
					"@executable_path/Frameworks",
					"@loader_path/Frameworks",
				);
				PRODUCT_BUNDLE_IDENTIFIER = Allan.TippyTests;
				PRODUCT_NAME = "$(TARGET_NAME)";
				SWIFT_VERSION = 5.0;
				TARGETED_DEVICE_FAMILY = "1,2";
				TEST_HOST = "$(BUILT_PRODUCTS_DIR)/Tippy.app/Tippy";
			};
			name = Debug;
		};
		BAF4D43023B3F16100BC14BB /* Release */ = {
			isa = XCBuildConfiguration;
			buildSettings = {
				ALWAYS_EMBED_SWIFT_STANDARD_LIBRARIES = YES;
				BUNDLE_LOADER = "$(TEST_HOST)";
				CODE_SIGN_STYLE = Automatic;
				INFOPLIST_FILE = TippyTests/Info.plist;
				IPHONEOS_DEPLOYMENT_TARGET = 13.2;
				LD_RUNPATH_SEARCH_PATHS = (
					"$(inherited)",
					"@executable_path/Frameworks",
					"@loader_path/Frameworks",
				);
				PRODUCT_BUNDLE_IDENTIFIER = Allan.TippyTests;
				PRODUCT_NAME = "$(TARGET_NAME)";
				SWIFT_VERSION = 5.0;
				TARGETED_DEVICE_FAMILY = "1,2";
				TEST_HOST = "$(BUILT_PRODUCTS_DIR)/Tippy.app/Tippy";
			};
			name = Release;
		};
		BAF4D43223B3F16100BC14BB /* Debug */ = {
			isa = XCBuildConfiguration;
			buildSettings = {
				ALWAYS_EMBED_SWIFT_STANDARD_LIBRARIES = YES;
				CODE_SIGN_STYLE = Automatic;
				INFOPLIST_FILE = TippyUITests/Info.plist;
				LD_RUNPATH_SEARCH_PATHS = (
					"$(inherited)",
					"@executable_path/Frameworks",
					"@loader_path/Frameworks",
				);
				PRODUCT_BUNDLE_IDENTIFIER = Allan.TippyUITests;
				PRODUCT_NAME = "$(TARGET_NAME)";
				SWIFT_VERSION = 5.0;
				TARGETED_DEVICE_FAMILY = "1,2";
				TEST_TARGET_NAME = Tippy;
			};
			name = Debug;
		};
		BAF4D43323B3F16100BC14BB /* Release */ = {
			isa = XCBuildConfiguration;
			buildSettings = {
				ALWAYS_EMBED_SWIFT_STANDARD_LIBRARIES = YES;
				CODE_SIGN_STYLE = Automatic;
				INFOPLIST_FILE = TippyUITests/Info.plist;
				LD_RUNPATH_SEARCH_PATHS = (
					"$(inherited)",
					"@executable_path/Frameworks",
					"@loader_path/Frameworks",
				);
				PRODUCT_BUNDLE_IDENTIFIER = Allan.TippyUITests;
				PRODUCT_NAME = "$(TARGET_NAME)";
				SWIFT_VERSION = 5.0;
				TARGETED_DEVICE_FAMILY = "1,2";
				TEST_TARGET_NAME = Tippy;
			};
			name = Release;
		};
/* End XCBuildConfiguration section */

/* Begin XCConfigurationList section */
		BAF4D3FC23B3F16000BC14BB /* Build configuration list for PBXProject "Tippy" */ = {
			isa = XCConfigurationList;
			buildConfigurations = (
				BAF4D42923B3F16100BC14BB /* Debug */,
				BAF4D42A23B3F16100BC14BB /* Release */,
			);
			defaultConfigurationIsVisible = 0;
			defaultConfigurationName = Release;
		};
		BAF4D42B23B3F16100BC14BB /* Build configuration list for PBXNativeTarget "Tippy" */ = {
			isa = XCConfigurationList;
			buildConfigurations = (
				BAF4D42C23B3F16100BC14BB /* Debug */,
				BAF4D42D23B3F16100BC14BB /* Release */,
			);
			defaultConfigurationIsVisible = 0;
			defaultConfigurationName = Release;
		};
		BAF4D42E23B3F16100BC14BB /* Build configuration list for PBXNativeTarget "TippyTests" */ = {
			isa = XCConfigurationList;
			buildConfigurations = (
				BAF4D42F23B3F16100BC14BB /* Debug */,
				BAF4D43023B3F16100BC14BB /* Release */,
			);
			defaultConfigurationIsVisible = 0;
			defaultConfigurationName = Release;
		};
		BAF4D43123B3F16100BC14BB /* Build configuration list for PBXNativeTarget "TippyUITests" */ = {
			isa = XCConfigurationList;
			buildConfigurations = (
				BAF4D43223B3F16100BC14BB /* Debug */,
				BAF4D43323B3F16100BC14BB /* Release */,
			);
			defaultConfigurationIsVisible = 0;
			defaultConfigurationName = Release;
		};
/* End XCConfigurationList section */
	};
	rootObject = BAF4D3F923B3F16000BC14BB /* Project object */;
}
